
Microsoft Visual Studio Solution File, Format Version 12.00
# Visual Studio Version 16
VisualStudioVersion = 16.0.29326.143
MinimumVisualStudioVersion = 10.0.40219.1
Project("{FAE04EC0-301F-11D3-BF4B-00C04F79EFBC}") = "EnvioMM", "EnvioMM\EnvioMM.csproj", "{929739BD-D4DA-4374-A32D-CA7EFD66A9BE}"
EndProject
Global
	GlobalSection(SolutionConfigurationPlatforms) = preSolution
		Debug|Any CPU = Debug|Any CPU
		Release|Any CPU = Release|Any CPU
	EndGlobalSection
	GlobalSection(ProjectConfigurationPlatforms) = postSolution
		{929739BD-D4DA-4374-A32D-CA7EFD66A9BE}.Debug|Any CPU.ActiveCfg = Debug|Any CPU
		{929739BD-D4DA-4374-A32D-CA7EFD66A9BE}.Debug|Any CPU.Build.0 = Debug|Any CPU
		{929739BD-D4DA-4374-A32D-CA7EFD66A9BE}.Release|Any CPU.ActiveCfg = Release|Any CPU
		{929739BD-D4DA-4374-A32D-CA7EFD66A9BE}.Release|Any CPU.Build.0 = Release|Any CPU
	EndGlobalSection
	GlobalSection(SolutionProperties) = preSolution
		HideSolutionNode = FALSE
	EndGlobalSection
	GlobalSection(ExtensibilityGlobals) = postSolution
		SolutionGuid = {5BE9DA87-7642-4528-A194-6C1AB887ED10}
	EndGlobalSection
EndGlobal
